// !$*UTF8*$!
{
	archiveVersion = 1;
	classes = {
	};
	objectVersion = 51;
	objects = {

/* Begin PBXBuildFile section */
		0D05D561243DF793004654C0 /* ParameterableTests.swift in Sources */ = {isa = PBXBuildFile; fileRef = 0D05D560243DF793004654C0 /* ParameterableTests.swift */; };
		0D9E7CB3243DC82D001D07DD /* EndPoint.swift in Sources */ = {isa = PBXBuildFile; fileRef = 0D9E7CB2243DC82D001D07DD /* EndPoint.swift */; };
		3135FC76B341E5687DFC9510 /* Pods_UniversityCrossAnalysis_UniversityCrossAnalysisUITests.framework in Frameworks */ = {isa = PBXBuildFile; fileRef = F5A165D3E033B33074C8BE8A /* Pods_UniversityCrossAnalysis_UniversityCrossAnalysisUITests.framework */; };
		486061E42704C8C64F48696D /* Pods_UniversityCrossAnalysis.framework in Frameworks */ = {isa = PBXBuildFile; fileRef = 87771CC2BD055668E04D86C8 /* Pods_UniversityCrossAnalysis.framework */; };
		6E244C6424226E9B00A2888B /* ResultCHU.swift in Sources */ = {isa = PBXBuildFile; fileRef = 6E244C6324226E9B00A2888B /* ResultCHU.swift */; };
		6E244C6624226EC100A2888B /* Result.swift in Sources */ = {isa = PBXBuildFile; fileRef = 6E244C6524226EC100A2888B /* Result.swift */; };
		6E244C6824226EE400A2888B /* Gsat.swift in Sources */ = {isa = PBXBuildFile; fileRef = 6E244C6724226EE400A2888B /* Gsat.swift */; };
		6E244C6A242284F300A2888B /* MainTabBarController.swift in Sources */ = {isa = PBXBuildFile; fileRef = 6E244C69242284F300A2888B /* MainTabBarController.swift */; };
		6E4FDB57243796C1006146F3 /* Base.swift in Sources */ = {isa = PBXBuildFile; fileRef = 6E4FDB56243796C1006146F3 /* Base.swift */; };
		6E55A08E243ED8EB00F1E927 /* EndPoint.swift in Sources */ = {isa = PBXBuildFile; fileRef = 6E55A08D243ED8EB00F1E927 /* EndPoint.swift */; };
		6EF2120E2428A0AD006E258C /* ResultListViewController.swift in Sources */ = {isa = PBXBuildFile; fileRef = 6EF2120D2428A0AD006E258C /* ResultListViewController.swift */; };
		6EF212102428A0E3006E258C /* GenericDataSource.swift in Sources */ = {isa = PBXBuildFile; fileRef = 6EF2120F2428A0E3006E258C /* GenericDataSource.swift */; };
		6EF212122428C461006E258C /* ResultListDataSource.swift in Sources */ = {isa = PBXBuildFile; fileRef = 6EF212112428C461006E258C /* ResultListDataSource.swift */; };
		6EF212142428F59F006E258C /* ResultListCell.swift in Sources */ = {isa = PBXBuildFile; fileRef = 6EF212132428F59F006E258C /* ResultListCell.swift */; };
		6EF212162428FBE9006E258C /* ResultViewModel.swift in Sources */ = {isa = PBXBuildFile; fileRef = 6EF212152428FBE9006E258C /* ResultViewModel.swift */; };
		6EF2121924290476006E258C /* Service.swift in Sources */ = {isa = PBXBuildFile; fileRef = 6EF2121824290476006E258C /* Service.swift */; };
		6EF599532424A25500D77F07 /* GsatViewController.swift in Sources */ = {isa = PBXBuildFile; fileRef = 6EF599522424A25500D77F07 /* GsatViewController.swift */; };
		6EF599552424A27C00D77F07 /* AstViewController.swift in Sources */ = {isa = PBXBuildFile; fileRef = 6EF599542424A27C00D77F07 /* AstViewController.swift */; };
		6EF599572424AA6100D77F07 /* UIView+Layout.swift in Sources */ = {isa = PBXBuildFile; fileRef = 6EF599562424AA6100D77F07 /* UIView+Layout.swift */; };
		6EF599592424B14200D77F07 /* ScreenConfigs.swift in Sources */ = {isa = PBXBuildFile; fileRef = 6EF599582424B14200D77F07 /* ScreenConfigs.swift */; };
		6EFC887B24226BE500654CF4 /* AppDelegate.swift in Sources */ = {isa = PBXBuildFile; fileRef = 6EFC887A24226BE500654CF4 /* AppDelegate.swift */; };
		6EFC887D24226BE500654CF4 /* SceneDelegate.swift in Sources */ = {isa = PBXBuildFile; fileRef = 6EFC887C24226BE500654CF4 /* SceneDelegate.swift */; };
		6EFC887F24226BE500654CF4 /* ViewController.swift in Sources */ = {isa = PBXBuildFile; fileRef = 6EFC887E24226BE500654CF4 /* ViewController.swift */; };
		6EFC888424226BE500654CF4 /* Assets.xcassets in Resources */ = {isa = PBXBuildFile; fileRef = 6EFC888324226BE500654CF4 /* Assets.xcassets */; };
		6EFC888724226BE500654CF4 /* LaunchScreen.storyboard in Resources */ = {isa = PBXBuildFile; fileRef = 6EFC888524226BE500654CF4 /* LaunchScreen.storyboard */; };
		6EFC889224226BE500654CF4 /* UniversityCrossAnalysisTests.swift in Sources */ = {isa = PBXBuildFile; fileRef = 6EFC889124226BE500654CF4 /* UniversityCrossAnalysisTests.swift */; };
		6EFC889D24226BE500654CF4 /* UniversityCrossAnalysisUITests.swift in Sources */ = {isa = PBXBuildFile; fileRef = 6EFC889C24226BE500654CF4 /* UniversityCrossAnalysisUITests.swift */; };
		6EFC88B024226DC000654CF4 /* Input.swift in Sources */ = {isa = PBXBuildFile; fileRef = 6EFC88AF24226DC000654CF4 /* Input.swift */; };
		6EFC88B224226E4200654CF4 /* Grades.swift in Sources */ = {isa = PBXBuildFile; fileRef = 6EFC88B124226E4200654CF4 /* Grades.swift */; };
		C50636D2A779D8EE4CF8F931 /* Pods_UniversityCrossAnalysisTests.framework in Frameworks */ = {isa = PBXBuildFile; fileRef = 94C34B5CC2A5EB6DD3B43C61 /* Pods_UniversityCrossAnalysisTests.framework */; };
/* End PBXBuildFile section */

/* Begin PBXContainerItemProxy section */
		6EFC888E24226BE500654CF4 /* PBXContainerItemProxy */ = {
			isa = PBXContainerItemProxy;
			containerPortal = 6EFC886F24226BE500654CF4 /* Project object */;
			proxyType = 1;
			remoteGlobalIDString = 6EFC887624226BE500654CF4;
			remoteInfo = UniversityCrossAnalysis;
		};
		6EFC889924226BE500654CF4 /* PBXContainerItemProxy */ = {
			isa = PBXContainerItemProxy;
			containerPortal = 6EFC886F24226BE500654CF4 /* Project object */;
			proxyType = 1;
			remoteGlobalIDString = 6EFC887624226BE500654CF4;
			remoteInfo = UniversityCrossAnalysis;
		};
/* End PBXContainerItemProxy section */

/* Begin PBXFileReference section */
		0107D3159A31799AD6045901 /* Pods-UniversityCrossAnalysis-UniversityCrossAnalysisUITests.debug.xcconfig */ = {isa = PBXFileReference; includeInIndex = 1; lastKnownFileType = text.xcconfig; name = "Pods-UniversityCrossAnalysis-UniversityCrossAnalysisUITests.debug.xcconfig"; path = "Target Support Files/Pods-UniversityCrossAnalysis-UniversityCrossAnalysisUITests/Pods-UniversityCrossAnalysis-UniversityCrossAnalysisUITests.debug.xcconfig"; sourceTree = "<group>"; };
		011F2A59F79DC7DE1849BA64 /* Pods-UniversityCrossAnalysis-UniversityCrossAnalysisUITests.release.xcconfig */ = {isa = PBXFileReference; includeInIndex = 1; lastKnownFileType = text.xcconfig; name = "Pods-UniversityCrossAnalysis-UniversityCrossAnalysisUITests.release.xcconfig"; path = "Target Support Files/Pods-UniversityCrossAnalysis-UniversityCrossAnalysisUITests/Pods-UniversityCrossAnalysis-UniversityCrossAnalysisUITests.release.xcconfig"; sourceTree = "<group>"; };
		043AA2AC543C2040BD754DEE /* Pods-UniversityCrossAnalysisTests.release.xcconfig */ = {isa = PBXFileReference; includeInIndex = 1; lastKnownFileType = text.xcconfig; name = "Pods-UniversityCrossAnalysisTests.release.xcconfig"; path = "Target Support Files/Pods-UniversityCrossAnalysisTests/Pods-UniversityCrossAnalysisTests.release.xcconfig"; sourceTree = "<group>"; };
		0D05D560243DF793004654C0 /* ParameterableTests.swift */ = {isa = PBXFileReference; lastKnownFileType = sourcecode.swift; path = ParameterableTests.swift; sourceTree = "<group>"; };
		0D9E7CB2243DC82D001D07DD /* EndPoint.swift */ = {isa = PBXFileReference; lastKnownFileType = sourcecode.swift; path = EndPoint.swift; sourceTree = "<group>"; };
		14172BDAE9639C7EAA092AC4 /* Pods-UniversityCrossAnalysis.release.xcconfig */ = {isa = PBXFileReference; includeInIndex = 1; lastKnownFileType = text.xcconfig; name = "Pods-UniversityCrossAnalysis.release.xcconfig"; path = "Target Support Files/Pods-UniversityCrossAnalysis/Pods-UniversityCrossAnalysis.release.xcconfig"; sourceTree = "<group>"; };
		6E244C6324226E9B00A2888B /* ResultCHU.swift */ = {isa = PBXFileReference; lastKnownFileType = sourcecode.swift; path = ResultCHU.swift; sourceTree = "<group>"; };
		6E244C6524226EC100A2888B /* Result.swift */ = {isa = PBXFileReference; lastKnownFileType = sourcecode.swift; path = Result.swift; sourceTree = "<group>"; };
		6E244C6724226EE400A2888B /* Gsat.swift */ = {isa = PBXFileReference; lastKnownFileType = sourcecode.swift; path = Gsat.swift; sourceTree = "<group>"; };
		6E244C69242284F300A2888B /* MainTabBarController.swift */ = {isa = PBXFileReference; lastKnownFileType = sourcecode.swift; path = MainTabBarController.swift; sourceTree = "<group>"; };
		6E4FDB56243796C1006146F3 /* Base.swift */ = {isa = PBXFileReference; lastKnownFileType = sourcecode.swift; path = Base.swift; sourceTree = "<group>"; };
		6E55A08D243ED8EB00F1E927 /* EndPoint.swift */ = {isa = PBXFileReference; lastKnownFileType = sourcecode.swift; path = EndPoint.swift; sourceTree = "<group>"; };
		6EF2120D2428A0AD006E258C /* ResultListViewController.swift */ = {isa = PBXFileReference; lastKnownFileType = sourcecode.swift; path = ResultListViewController.swift; sourceTree = "<group>"; };
		6EF2120F2428A0E3006E258C /* GenericDataSource.swift */ = {isa = PBXFileReference; lastKnownFileType = sourcecode.swift; path = GenericDataSource.swift; sourceTree = "<group>"; };
		6EF212112428C461006E258C /* ResultListDataSource.swift */ = {isa = PBXFileReference; lastKnownFileType = sourcecode.swift; path = ResultListDataSource.swift; sourceTree = "<group>"; };
		6EF212132428F59F006E258C /* ResultListCell.swift */ = {isa = PBXFileReference; lastKnownFileType = sourcecode.swift; path = ResultListCell.swift; sourceTree = "<group>"; };
		6EF212152428FBE9006E258C /* ResultViewModel.swift */ = {isa = PBXFileReference; lastKnownFileType = sourcecode.swift; path = ResultViewModel.swift; sourceTree = "<group>"; };
		6EF2121824290476006E258C /* Service.swift */ = {isa = PBXFileReference; lastKnownFileType = sourcecode.swift; path = Service.swift; sourceTree = "<group>"; };
		6EF599522424A25500D77F07 /* GsatViewController.swift */ = {isa = PBXFileReference; lastKnownFileType = sourcecode.swift; path = GsatViewController.swift; sourceTree = "<group>"; };
		6EF599542424A27C00D77F07 /* AstViewController.swift */ = {isa = PBXFileReference; lastKnownFileType = sourcecode.swift; path = AstViewController.swift; sourceTree = "<group>"; };
		6EF599562424AA6100D77F07 /* UIView+Layout.swift */ = {isa = PBXFileReference; lastKnownFileType = sourcecode.swift; path = "UIView+Layout.swift"; sourceTree = "<group>"; };
		6EF599582424B14200D77F07 /* ScreenConfigs.swift */ = {isa = PBXFileReference; lastKnownFileType = sourcecode.swift; path = ScreenConfigs.swift; sourceTree = "<group>"; };
		6EFC887724226BE500654CF4 /* UniversityCrossAnalysis.app */ = {isa = PBXFileReference; explicitFileType = wrapper.application; includeInIndex = 0; path = UniversityCrossAnalysis.app; sourceTree = BUILT_PRODUCTS_DIR; };
		6EFC887A24226BE500654CF4 /* AppDelegate.swift */ = {isa = PBXFileReference; lastKnownFileType = sourcecode.swift; path = AppDelegate.swift; sourceTree = "<group>"; };
		6EFC887C24226BE500654CF4 /* SceneDelegate.swift */ = {isa = PBXFileReference; lastKnownFileType = sourcecode.swift; path = SceneDelegate.swift; sourceTree = "<group>"; };
		6EFC887E24226BE500654CF4 /* ViewController.swift */ = {isa = PBXFileReference; lastKnownFileType = sourcecode.swift; path = ViewController.swift; sourceTree = "<group>"; };
		6EFC888324226BE500654CF4 /* Assets.xcassets */ = {isa = PBXFileReference; lastKnownFileType = folder.assetcatalog; path = Assets.xcassets; sourceTree = "<group>"; };
		6EFC888624226BE500654CF4 /* Base */ = {isa = PBXFileReference; lastKnownFileType = file.storyboard; name = Base; path = Base.lproj/LaunchScreen.storyboard; sourceTree = "<group>"; };
		6EFC888824226BE500654CF4 /* Info.plist */ = {isa = PBXFileReference; lastKnownFileType = text.plist.xml; path = Info.plist; sourceTree = "<group>"; };
		6EFC888D24226BE500654CF4 /* UniversityCrossAnalysisTests.xctest */ = {isa = PBXFileReference; explicitFileType = wrapper.cfbundle; includeInIndex = 0; path = UniversityCrossAnalysisTests.xctest; sourceTree = BUILT_PRODUCTS_DIR; };
		6EFC889124226BE500654CF4 /* UniversityCrossAnalysisTests.swift */ = {isa = PBXFileReference; lastKnownFileType = sourcecode.swift; path = UniversityCrossAnalysisTests.swift; sourceTree = "<group>"; };
		6EFC889324226BE500654CF4 /* Info.plist */ = {isa = PBXFileReference; lastKnownFileType = text.plist.xml; path = Info.plist; sourceTree = "<group>"; };
		6EFC889824226BE500654CF4 /* UniversityCrossAnalysisUITests.xctest */ = {isa = PBXFileReference; explicitFileType = wrapper.cfbundle; includeInIndex = 0; path = UniversityCrossAnalysisUITests.xctest; sourceTree = BUILT_PRODUCTS_DIR; };
		6EFC889C24226BE500654CF4 /* UniversityCrossAnalysisUITests.swift */ = {isa = PBXFileReference; lastKnownFileType = sourcecode.swift; path = UniversityCrossAnalysisUITests.swift; sourceTree = "<group>"; };
		6EFC889E24226BE500654CF4 /* Info.plist */ = {isa = PBXFileReference; lastKnownFileType = text.plist.xml; path = Info.plist; sourceTree = "<group>"; };
		6EFC88AF24226DC000654CF4 /* Input.swift */ = {isa = PBXFileReference; lastKnownFileType = sourcecode.swift; path = Input.swift; sourceTree = "<group>"; };
		6EFC88B124226E4200654CF4 /* Grades.swift */ = {isa = PBXFileReference; lastKnownFileType = sourcecode.swift; path = Grades.swift; sourceTree = "<group>"; };
		87771CC2BD055668E04D86C8 /* Pods_UniversityCrossAnalysis.framework */ = {isa = PBXFileReference; explicitFileType = wrapper.framework; includeInIndex = 0; path = Pods_UniversityCrossAnalysis.framework; sourceTree = BUILT_PRODUCTS_DIR; };
		94C34B5CC2A5EB6DD3B43C61 /* Pods_UniversityCrossAnalysisTests.framework */ = {isa = PBXFileReference; explicitFileType = wrapper.framework; includeInIndex = 0; path = Pods_UniversityCrossAnalysisTests.framework; sourceTree = BUILT_PRODUCTS_DIR; };
		9EEFB4D02183F76ACB47A1AF /* Pods-UniversityCrossAnalysis.debug.xcconfig */ = {isa = PBXFileReference; includeInIndex = 1; lastKnownFileType = text.xcconfig; name = "Pods-UniversityCrossAnalysis.debug.xcconfig"; path = "Target Support Files/Pods-UniversityCrossAnalysis/Pods-UniversityCrossAnalysis.debug.xcconfig"; sourceTree = "<group>"; };
		AEC42426B5A6E413C90C1251 /* Pods-UniversityCrossAnalysisTests.debug.xcconfig */ = {isa = PBXFileReference; includeInIndex = 1; lastKnownFileType = text.xcconfig; name = "Pods-UniversityCrossAnalysisTests.debug.xcconfig"; path = "Target Support Files/Pods-UniversityCrossAnalysisTests/Pods-UniversityCrossAnalysisTests.debug.xcconfig"; sourceTree = "<group>"; };
		F5A165D3E033B33074C8BE8A /* Pods_UniversityCrossAnalysis_UniversityCrossAnalysisUITests.framework */ = {isa = PBXFileReference; explicitFileType = wrapper.framework; includeInIndex = 0; path = Pods_UniversityCrossAnalysis_UniversityCrossAnalysisUITests.framework; sourceTree = BUILT_PRODUCTS_DIR; };
/* End PBXFileReference section */

/* Begin PBXFrameworksBuildPhase section */
		6EFC887424226BE500654CF4 /* Frameworks */ = {
			isa = PBXFrameworksBuildPhase;
			buildActionMask = 2147483647;
			files = (
				486061E42704C8C64F48696D /* Pods_UniversityCrossAnalysis.framework in Frameworks */,
			);
			runOnlyForDeploymentPostprocessing = 0;
		};
		6EFC888A24226BE500654CF4 /* Frameworks */ = {
			isa = PBXFrameworksBuildPhase;
			buildActionMask = 2147483647;
			files = (
				C50636D2A779D8EE4CF8F931 /* Pods_UniversityCrossAnalysisTests.framework in Frameworks */,
			);
			runOnlyForDeploymentPostprocessing = 0;
		};
		6EFC889524226BE500654CF4 /* Frameworks */ = {
			isa = PBXFrameworksBuildPhase;
			buildActionMask = 2147483647;
			files = (
				3135FC76B341E5687DFC9510 /* Pods_UniversityCrossAnalysis_UniversityCrossAnalysisUITests.framework in Frameworks */,
			);
			runOnlyForDeploymentPostprocessing = 0;
		};
/* End PBXFrameworksBuildPhase section */

/* Begin PBXGroup section */
		682E8E0FD6FEF3AF56F23F4B /* Frameworks */ = {
			isa = PBXGroup;
			children = (
				87771CC2BD055668E04D86C8 /* Pods_UniversityCrossAnalysis.framework */,
				F5A165D3E033B33074C8BE8A /* Pods_UniversityCrossAnalysis_UniversityCrossAnalysisUITests.framework */,
				94C34B5CC2A5EB6DD3B43C61 /* Pods_UniversityCrossAnalysisTests.framework */,
			);
			name = Frameworks;
			sourceTree = "<group>";
		};
		6EF21217242902CA006E258C /* Service */ = {
			isa = PBXGroup;
			children = (
				6EF2121824290476006E258C /* Service.swift */,
				0D9E7CB2243DC82D001D07DD /* EndPoint.swift */,
			);
			path = Service;
			sourceTree = "<group>";
		};
		6EFC886E24226BE500654CF4 = {
			isa = PBXGroup;
			children = (
				6EFC887924226BE500654CF4 /* UniversityCrossAnalysis */,
				6EFC889024226BE500654CF4 /* UniversityCrossAnalysisTests */,
				6EFC889B24226BE500654CF4 /* UniversityCrossAnalysisUITests */,
				6EFC887824226BE500654CF4 /* Products */,
				ACAB40A0865905C9105B6B8D /* Pods */,
				682E8E0FD6FEF3AF56F23F4B /* Frameworks */,
			);
			sourceTree = "<group>";
		};
		6EFC887824226BE500654CF4 /* Products */ = {
			isa = PBXGroup;
			children = (
				6EFC887724226BE500654CF4 /* UniversityCrossAnalysis.app */,
				6EFC888D24226BE500654CF4 /* UniversityCrossAnalysisTests.xctest */,
				6EFC889824226BE500654CF4 /* UniversityCrossAnalysisUITests.xctest */,
			);
			name = Products;
			sourceTree = "<group>";
		};
		6EFC887924226BE500654CF4 /* UniversityCrossAnalysis */ = {
			isa = PBXGroup;
			children = (
				6EFC887A24226BE500654CF4 /* AppDelegate.swift */,
				6EFC887C24226BE500654CF4 /* SceneDelegate.swift */,
				6EFC887E24226BE500654CF4 /* ViewController.swift */,
				6E244C69242284F300A2888B /* MainTabBarController.swift */,
				6EFC88AA24226CA300654CF4 /* Controller */,
				6EFC88AD24226CC700654CF4 /* ViewModel */,
				6EFC88AC24226CC000654CF4 /* Model */,
				6EFC88AB24226CAF00654CF4 /* View */,
				6EFC88AE24226CD200654CF4 /* Helper */,
				6EF21217242902CA006E258C /* Service */,
				6EFC888324226BE500654CF4 /* Assets.xcassets */,
				6EFC888524226BE500654CF4 /* LaunchScreen.storyboard */,
				6EFC888824226BE500654CF4 /* Info.plist */,
			);
			path = UniversityCrossAnalysis;
			sourceTree = "<group>";
		};
		6EFC889024226BE500654CF4 /* UniversityCrossAnalysisTests */ = {
			isa = PBXGroup;
			children = (
				0D05D560243DF793004654C0 /* ParameterableTests.swift */,
				6EFC889124226BE500654CF4 /* UniversityCrossAnalysisTests.swift */,
				6EFC889324226BE500654CF4 /* Info.plist */,
			);
			path = UniversityCrossAnalysisTests;
			sourceTree = "<group>";
		};
		6EFC889B24226BE500654CF4 /* UniversityCrossAnalysisUITests */ = {
			isa = PBXGroup;
			children = (
				6EFC889C24226BE500654CF4 /* UniversityCrossAnalysisUITests.swift */,
				6EFC889E24226BE500654CF4 /* Info.plist */,
			);
			path = UniversityCrossAnalysisUITests;
			sourceTree = "<group>";
		};
		6EFC88AA24226CA300654CF4 /* Controller */ = {
			isa = PBXGroup;
			children = (
				6EF599522424A25500D77F07 /* GsatViewController.swift */,
				6EF2120D2428A0AD006E258C /* ResultListViewController.swift */,
				6EF599542424A27C00D77F07 /* AstViewController.swift */,
			);
			path = Controller;
			sourceTree = "<group>";
		};
		6EFC88AB24226CAF00654CF4 /* View */ = {
			isa = PBXGroup;
			children = (
				6EF212132428F59F006E258C /* ResultListCell.swift */,
			);
			path = View;
			sourceTree = "<group>";
		};
		6EFC88AC24226CC000654CF4 /* Model */ = {
			isa = PBXGroup;
			children = (
				6EFC88AF24226DC000654CF4 /* Input.swift */,
				6EFC88B124226E4200654CF4 /* Grades.swift */,
				6E244C6324226E9B00A2888B /* ResultCHU.swift */,
				6E244C6524226EC100A2888B /* Result.swift */,
				6E244C6724226EE400A2888B /* Gsat.swift */,
				6E4FDB56243796C1006146F3 /* Base.swift */,
			);
			path = Model;
			sourceTree = "<group>";
		};
		6EFC88AD24226CC700654CF4 /* ViewModel */ = {
			isa = PBXGroup;
			children = (
				6EF212112428C461006E258C /* ResultListDataSource.swift */,
				6EF212152428FBE9006E258C /* ResultViewModel.swift */,
			);
			path = ViewModel;
			sourceTree = "<group>";
		};
		6EFC88AE24226CD200654CF4 /* Helper */ = {
			isa = PBXGroup;
			children = (
				6EF599562424AA6100D77F07 /* UIView+Layout.swift */,
				6EF599582424B14200D77F07 /* ScreenConfigs.swift */,
				6EF2120F2428A0E3006E258C /* GenericDataSource.swift */,
			);
			path = Helper;
			sourceTree = "<group>";
		};
		ACAB40A0865905C9105B6B8D /* Pods */ = {
			isa = PBXGroup;
			children = (
				9EEFB4D02183F76ACB47A1AF /* Pods-UniversityCrossAnalysis.debug.xcconfig */,
				14172BDAE9639C7EAA092AC4 /* Pods-UniversityCrossAnalysis.release.xcconfig */,
				0107D3159A31799AD6045901 /* Pods-UniversityCrossAnalysis-UniversityCrossAnalysisUITests.debug.xcconfig */,
				011F2A59F79DC7DE1849BA64 /* Pods-UniversityCrossAnalysis-UniversityCrossAnalysisUITests.release.xcconfig */,
				AEC42426B5A6E413C90C1251 /* Pods-UniversityCrossAnalysisTests.debug.xcconfig */,
				043AA2AC543C2040BD754DEE /* Pods-UniversityCrossAnalysisTests.release.xcconfig */,
			);
			path = Pods;
			sourceTree = "<group>";
		};
/* End PBXGroup section */

/* Begin PBXNativeTarget section */
		6EFC887624226BE500654CF4 /* UniversityCrossAnalysis */ = {
			isa = PBXNativeTarget;
			buildConfigurationList = 6EFC88A124226BE500654CF4 /* Build configuration list for PBXNativeTarget "UniversityCrossAnalysis" */;
			buildPhases = (
				548078FA4DE267C9B045CCC9 /* [CP] Check Pods Manifest.lock */,
				6EFC887324226BE500654CF4 /* Sources */,
				6EFC887424226BE500654CF4 /* Frameworks */,
				6EFC887524226BE500654CF4 /* Resources */,
				EEFAFF7BF6A72A24B823BE86 /* [CP] Embed Pods Frameworks */,
			);
			buildRules = (
			);
			dependencies = (
			);
			name = UniversityCrossAnalysis;
			productName = UniversityCrossAnalysis;
			productReference = 6EFC887724226BE500654CF4 /* UniversityCrossAnalysis.app */;
			productType = "com.apple.product-type.application";
		};
		6EFC888C24226BE500654CF4 /* UniversityCrossAnalysisTests */ = {
			isa = PBXNativeTarget;
			buildConfigurationList = 6EFC88A424226BE500654CF4 /* Build configuration list for PBXNativeTarget "UniversityCrossAnalysisTests" */;
			buildPhases = (
				1F0C29FD4E789B7E4A92266E /* [CP] Check Pods Manifest.lock */,
				6EFC888924226BE500654CF4 /* Sources */,
				6EFC888A24226BE500654CF4 /* Frameworks */,
				6EFC888B24226BE500654CF4 /* Resources */,
			);
			buildRules = (
			);
			dependencies = (
				6EFC888F24226BE500654CF4 /* PBXTargetDependency */,
			);
			name = UniversityCrossAnalysisTests;
			productName = UniversityCrossAnalysisTests;
			productReference = 6EFC888D24226BE500654CF4 /* UniversityCrossAnalysisTests.xctest */;
			productType = "com.apple.product-type.bundle.unit-test";
		};
		6EFC889724226BE500654CF4 /* UniversityCrossAnalysisUITests */ = {
			isa = PBXNativeTarget;
			buildConfigurationList = 6EFC88A724226BE500654CF4 /* Build configuration list for PBXNativeTarget "UniversityCrossAnalysisUITests" */;
			buildPhases = (
				867C4315DD5457794ABC5040 /* [CP] Check Pods Manifest.lock */,
				6EFC889424226BE500654CF4 /* Sources */,
				6EFC889524226BE500654CF4 /* Frameworks */,
				6EFC889624226BE500654CF4 /* Resources */,
				49AF7EF7F25BD7D086427C08 /* [CP] Embed Pods Frameworks */,
			);
			buildRules = (
			);
			dependencies = (
				6EFC889A24226BE500654CF4 /* PBXTargetDependency */,
			);
			name = UniversityCrossAnalysisUITests;
			productName = UniversityCrossAnalysisUITests;
			productReference = 6EFC889824226BE500654CF4 /* UniversityCrossAnalysisUITests.xctest */;
			productType = "com.apple.product-type.bundle.ui-testing";
		};
/* End PBXNativeTarget section */

/* Begin PBXProject section */
		6EFC886F24226BE500654CF4 /* Project object */ = {
			isa = PBXProject;
			attributes = {
				LastSwiftUpdateCheck = 1130;
				LastUpgradeCheck = 1130;
				ORGANIZATIONNAME = ameyo;
				TargetAttributes = {
					6EFC887624226BE500654CF4 = {
						CreatedOnToolsVersion = 11.3.1;
					};
					6EFC888C24226BE500654CF4 = {
						CreatedOnToolsVersion = 11.3.1;
						TestTargetID = 6EFC887624226BE500654CF4;
					};
					6EFC889724226BE500654CF4 = {
						CreatedOnToolsVersion = 11.3.1;
						TestTargetID = 6EFC887624226BE500654CF4;
					};
				};
			};
			buildConfigurationList = 6EFC887224226BE500654CF4 /* Build configuration list for PBXProject "UniversityCrossAnalysis" */;
			compatibilityVersion = "Xcode 9.3";
			developmentRegion = en;
			hasScannedForEncodings = 0;
			knownRegions = (
				en,
				Base,
			);
			mainGroup = 6EFC886E24226BE500654CF4;
			productRefGroup = 6EFC887824226BE500654CF4 /* Products */;
			projectDirPath = "";
			projectRoot = "";
			targets = (
				6EFC887624226BE500654CF4 /* UniversityCrossAnalysis */,
				6EFC888C24226BE500654CF4 /* UniversityCrossAnalysisTests */,
				6EFC889724226BE500654CF4 /* UniversityCrossAnalysisUITests */,
			);
		};
/* End PBXProject section */

/* Begin PBXResourcesBuildPhase section */
		6EFC887524226BE500654CF4 /* Resources */ = {
			isa = PBXResourcesBuildPhase;
			buildActionMask = 2147483647;
			files = (
				6EFC888724226BE500654CF4 /* LaunchScreen.storyboard in Resources */,
				6EFC888424226BE500654CF4 /* Assets.xcassets in Resources */,
			);
			runOnlyForDeploymentPostprocessing = 0;
		};
		6EFC888B24226BE500654CF4 /* Resources */ = {
			isa = PBXResourcesBuildPhase;
			buildActionMask = 2147483647;
			files = (
			);
			runOnlyForDeploymentPostprocessing = 0;
		};
		6EFC889624226BE500654CF4 /* Resources */ = {
			isa = PBXResourcesBuildPhase;
			buildActionMask = 2147483647;
			files = (
			);
			runOnlyForDeploymentPostprocessing = 0;
		};
/* End PBXResourcesBuildPhase section */

/* Begin PBXShellScriptBuildPhase section */
		1F0C29FD4E789B7E4A92266E /* [CP] Check Pods Manifest.lock */ = {
			isa = PBXShellScriptBuildPhase;
			buildActionMask = 2147483647;
			files = (
			);
			inputFileListPaths = (
			);
			inputPaths = (
				"${PODS_PODFILE_DIR_PATH}/Podfile.lock",
				"${PODS_ROOT}/Manifest.lock",
			);
			name = "[CP] Check Pods Manifest.lock";
			outputFileListPaths = (
			);
			outputPaths = (
				"$(DERIVED_FILE_DIR)/Pods-UniversityCrossAnalysisTests-checkManifestLockResult.txt",
			);
			runOnlyForDeploymentPostprocessing = 0;
			shellPath = /bin/sh;
			shellScript = "diff \"${PODS_PODFILE_DIR_PATH}/Podfile.lock\" \"${PODS_ROOT}/Manifest.lock\" > /dev/null\nif [ $? != 0 ] ; then\n    # print error to STDERR\n    echo \"error: The sandbox is not in sync with the Podfile.lock. Run 'pod install' or update your CocoaPods installation.\" >&2\n    exit 1\nfi\n# This output is used by Xcode 'outputs' to avoid re-running this script phase.\necho \"SUCCESS\" > \"${SCRIPT_OUTPUT_FILE_0}\"\n";
			showEnvVarsInLog = 0;
		};
		49AF7EF7F25BD7D086427C08 /* [CP] Embed Pods Frameworks */ = {
			isa = PBXShellScriptBuildPhase;
			buildActionMask = 2147483647;
			files = (
			);
			inputFileListPaths = (
				"${PODS_ROOT}/Target Support Files/Pods-UniversityCrossAnalysis-UniversityCrossAnalysisUITests/Pods-UniversityCrossAnalysis-UniversityCrossAnalysisUITests-frameworks-${CONFIGURATION}-input-files.xcfilelist",
			);
			name = "[CP] Embed Pods Frameworks";
			outputFileListPaths = (
				"${PODS_ROOT}/Target Support Files/Pods-UniversityCrossAnalysis-UniversityCrossAnalysisUITests/Pods-UniversityCrossAnalysis-UniversityCrossAnalysisUITests-frameworks-${CONFIGURATION}-output-files.xcfilelist",
			);
			runOnlyForDeploymentPostprocessing = 0;
			shellPath = /bin/sh;
			shellScript = "\"${PODS_ROOT}/Target Support Files/Pods-UniversityCrossAnalysis-UniversityCrossAnalysisUITests/Pods-UniversityCrossAnalysis-UniversityCrossAnalysisUITests-frameworks.sh\"\n";
			showEnvVarsInLog = 0;
		};
		548078FA4DE267C9B045CCC9 /* [CP] Check Pods Manifest.lock */ = {
			isa = PBXShellScriptBuildPhase;
			buildActionMask = 2147483647;
			files = (
			);
			inputFileListPaths = (
			);
			inputPaths = (
				"${PODS_PODFILE_DIR_PATH}/Podfile.lock",
				"${PODS_ROOT}/Manifest.lock",
			);
			name = "[CP] Check Pods Manifest.lock";
			outputFileListPaths = (
			);
			outputPaths = (
				"$(DERIVED_FILE_DIR)/Pods-UniversityCrossAnalysis-checkManifestLockResult.txt",
			);
			runOnlyForDeploymentPostprocessing = 0;
			shellPath = /bin/sh;
			shellScript = "diff \"${PODS_PODFILE_DIR_PATH}/Podfile.lock\" \"${PODS_ROOT}/Manifest.lock\" > /dev/null\nif [ $? != 0 ] ; then\n    # print error to STDERR\n    echo \"error: The sandbox is not in sync with the Podfile.lock. Run 'pod install' or update your CocoaPods installation.\" >&2\n    exit 1\nfi\n# This output is used by Xcode 'outputs' to avoid re-running this script phase.\necho \"SUCCESS\" > \"${SCRIPT_OUTPUT_FILE_0}\"\n";
			showEnvVarsInLog = 0;
		};
		867C4315DD5457794ABC5040 /* [CP] Check Pods Manifest.lock */ = {
			isa = PBXShellScriptBuildPhase;
			buildActionMask = 2147483647;
			files = (
			);
			inputFileListPaths = (
			);
			inputPaths = (
				"${PODS_PODFILE_DIR_PATH}/Podfile.lock",
				"${PODS_ROOT}/Manifest.lock",
			);
			name = "[CP] Check Pods Manifest.lock";
			outputFileListPaths = (
			);
			outputPaths = (
				"$(DERIVED_FILE_DIR)/Pods-UniversityCrossAnalysis-UniversityCrossAnalysisUITests-checkManifestLockResult.txt",
			);
			runOnlyForDeploymentPostprocessing = 0;
			shellPath = /bin/sh;
			shellScript = "diff \"${PODS_PODFILE_DIR_PATH}/Podfile.lock\" \"${PODS_ROOT}/Manifest.lock\" > /dev/null\nif [ $? != 0 ] ; then\n    # print error to STDERR\n    echo \"error: The sandbox is not in sync with the Podfile.lock. Run 'pod install' or update your CocoaPods installation.\" >&2\n    exit 1\nfi\n# This output is used by Xcode 'outputs' to avoid re-running this script phase.\necho \"SUCCESS\" > \"${SCRIPT_OUTPUT_FILE_0}\"\n";
			showEnvVarsInLog = 0;
		};
		EEFAFF7BF6A72A24B823BE86 /* [CP] Embed Pods Frameworks */ = {
			isa = PBXShellScriptBuildPhase;
			buildActionMask = 2147483647;
			files = (
			);
			inputFileListPaths = (
				"${PODS_ROOT}/Target Support Files/Pods-UniversityCrossAnalysis/Pods-UniversityCrossAnalysis-frameworks-${CONFIGURATION}-input-files.xcfilelist",
			);
			name = "[CP] Embed Pods Frameworks";
			outputFileListPaths = (
				"${PODS_ROOT}/Target Support Files/Pods-UniversityCrossAnalysis/Pods-UniversityCrossAnalysis-frameworks-${CONFIGURATION}-output-files.xcfilelist",
			);
			runOnlyForDeploymentPostprocessing = 0;
			shellPath = /bin/sh;
			shellScript = "\"${PODS_ROOT}/Target Support Files/Pods-UniversityCrossAnalysis/Pods-UniversityCrossAnalysis-frameworks.sh\"\n";
			showEnvVarsInLog = 0;
		};
/* End PBXShellScriptBuildPhase section */

/* Begin PBXSourcesBuildPhase section */
		6EFC887324226BE500654CF4 /* Sources */ = {
			isa = PBXSourcesBuildPhase;
			buildActionMask = 2147483647;
			files = (
				6EFC88B224226E4200654CF4 /* Grades.swift in Sources */,
				6EF212162428FBE9006E258C /* ResultViewModel.swift in Sources */,
				6EFC887F24226BE500654CF4 /* ViewController.swift in Sources */,
				6E244C6A242284F300A2888B /* MainTabBarController.swift in Sources */,
				6EF599552424A27C00D77F07 /* AstViewController.swift in Sources */,
				6EF212142428F59F006E258C /* ResultListCell.swift in Sources */,
				6EFC887B24226BE500654CF4 /* AppDelegate.swift in Sources */,
				6EF212102428A0E3006E258C /* GenericDataSource.swift in Sources */,
				6EF2120E2428A0AD006E258C /* ResultListViewController.swift in Sources */,
				6EF599592424B14200D77F07 /* ScreenConfigs.swift in Sources */,
				6EF2121924290476006E258C /* Service.swift in Sources */,
				6EF599532424A25500D77F07 /* GsatViewController.swift in Sources */,
				0D9E7CB3243DC82D001D07DD /* EndPoint.swift in Sources */,
				6E4FDB57243796C1006146F3 /* Base.swift in Sources */,
				6EFC88B024226DC000654CF4 /* Input.swift in Sources */,
				6E244C6824226EE400A2888B /* Gsat.swift in Sources */,
				6EF212122428C461006E258C /* ResultListDataSource.swift in Sources */,
				6EF599572424AA6100D77F07 /* UIView+Layout.swift in Sources */,
				6E244C6624226EC100A2888B /* Result.swift in Sources */,
				6EFC887D24226BE500654CF4 /* SceneDelegate.swift in Sources */,
				6E244C6424226E9B00A2888B /* ResultCHU.swift in Sources */,
			);
			runOnlyForDeploymentPostprocessing = 0;
		};
		6EFC888924226BE500654CF4 /* Sources */ = {
			isa = PBXSourcesBuildPhase;
			buildActionMask = 2147483647;
			files = (
				6EFC889224226BE500654CF4 /* UniversityCrossAnalysisTests.swift in Sources */,
				0D05D561243DF793004654C0 /* ParameterableTests.swift in Sources */,
			);
			runOnlyForDeploymentPostprocessing = 0;
		};
		6EFC889424226BE500654CF4 /* Sources */ = {
			isa = PBXSourcesBuildPhase;
			buildActionMask = 2147483647;
			files = (
				6EFC889D24226BE500654CF4 /* UniversityCrossAnalysisUITests.swift in Sources */,
			);
			runOnlyForDeploymentPostprocessing = 0;
		};
/* End PBXSourcesBuildPhase section */

/* Begin PBXTargetDependency section */
		6EFC888F24226BE500654CF4 /* PBXTargetDependency */ = {
			isa = PBXTargetDependency;
			target = 6EFC887624226BE500654CF4 /* UniversityCrossAnalysis */;
			targetProxy = 6EFC888E24226BE500654CF4 /* PBXContainerItemProxy */;
		};
		6EFC889A24226BE500654CF4 /* PBXTargetDependency */ = {
			isa = PBXTargetDependency;
			target = 6EFC887624226BE500654CF4 /* UniversityCrossAnalysis */;
			targetProxy = 6EFC889924226BE500654CF4 /* PBXContainerItemProxy */;
		};
/* End PBXTargetDependency section */

/* Begin PBXVariantGroup section */
		6EFC888524226BE500654CF4 /* LaunchScreen.storyboard */ = {
			isa = PBXVariantGroup;
			children = (
				6EFC888624226BE500654CF4 /* Base */,
			);
			name = LaunchScreen.storyboard;
			sourceTree = "<group>";
		};
/* End PBXVariantGroup section */

/* Begin XCBuildConfiguration section */
		6EFC889F24226BE500654CF4 /* Debug */ = {
			isa = XCBuildConfiguration;
			buildSettings = {
				ALWAYS_SEARCH_USER_PATHS = NO;
				CLANG_ANALYZER_NONNULL = YES;
				CLANG_ANALYZER_NUMBER_OBJECT_CONVERSION = YES_AGGRESSIVE;
				CLANG_CXX_LANGUAGE_STANDARD = "gnu++14";
				CLANG_CXX_LIBRARY = "libc++";
				CLANG_ENABLE_MODULES = YES;
				CLANG_ENABLE_OBJC_ARC = YES;
				CLANG_ENABLE_OBJC_WEAK = YES;
				CLANG_WARN_BLOCK_CAPTURE_AUTORELEASING = YES;
				CLANG_WARN_BOOL_CONVERSION = YES;
				CLANG_WARN_COMMA = YES;
				CLANG_WARN_CONSTANT_CONVERSION = YES;
				CLANG_WARN_DEPRECATED_OBJC_IMPLEMENTATIONS = YES;
				CLANG_WARN_DIRECT_OBJC_ISA_USAGE = YES_ERROR;
				CLANG_WARN_DOCUMENTATION_COMMENTS = YES;
				CLANG_WARN_EMPTY_BODY = YES;
				CLANG_WARN_ENUM_CONVERSION = YES;
				CLANG_WARN_INFINITE_RECURSION = YES;
				CLANG_WARN_INT_CONVERSION = YES;
				CLANG_WARN_NON_LITERAL_NULL_CONVERSION = YES;
				CLANG_WARN_OBJC_IMPLICIT_RETAIN_SELF = YES;
				CLANG_WARN_OBJC_LITERAL_CONVERSION = YES;
				CLANG_WARN_OBJC_ROOT_CLASS = YES_ERROR;
				CLANG_WARN_RANGE_LOOP_ANALYSIS = YES;
				CLANG_WARN_STRICT_PROTOTYPES = YES;
				CLANG_WARN_SUSPICIOUS_MOVE = YES;
				CLANG_WARN_UNGUARDED_AVAILABILITY = YES_AGGRESSIVE;
				CLANG_WARN_UNREACHABLE_CODE = YES;
				CLANG_WARN__DUPLICATE_METHOD_MATCH = YES;
				COPY_PHASE_STRIP = NO;
				DEBUG_INFORMATION_FORMAT = dwarf;
				ENABLE_STRICT_OBJC_MSGSEND = YES;
				ENABLE_TESTABILITY = YES;
				GCC_C_LANGUAGE_STANDARD = gnu11;
				GCC_DYNAMIC_NO_PIC = NO;
				GCC_NO_COMMON_BLOCKS = YES;
				GCC_OPTIMIZATION_LEVEL = 0;
				GCC_PREPROCESSOR_DEFINITIONS = (
					"DEBUG=1",
					"$(inherited)",
				);
				GCC_WARN_64_TO_32_BIT_CONVERSION = YES;
				GCC_WARN_ABOUT_RETURN_TYPE = YES_ERROR;
				GCC_WARN_UNDECLARED_SELECTOR = YES;
				GCC_WARN_UNINITIALIZED_AUTOS = YES_AGGRESSIVE;
				GCC_WARN_UNUSED_FUNCTION = YES;
				GCC_WARN_UNUSED_VARIABLE = YES;
				IPHONEOS_DEPLOYMENT_TARGET = 13.2;
				MTL_ENABLE_DEBUG_INFO = INCLUDE_SOURCE;
				MTL_FAST_MATH = YES;
				ONLY_ACTIVE_ARCH = YES;
				SDKROOT = iphoneos;
				SWIFT_ACTIVE_COMPILATION_CONDITIONS = DEBUG;
				SWIFT_OPTIMIZATION_LEVEL = "-Onone";
			};
			name = Debug;
		};
		6EFC88A024226BE500654CF4 /* Release */ = {
			isa = XCBuildConfiguration;
			buildSettings = {
				ALWAYS_SEARCH_USER_PATHS = NO;
				CLANG_ANALYZER_NONNULL = YES;
				CLANG_ANALYZER_NUMBER_OBJECT_CONVERSION = YES_AGGRESSIVE;
				CLANG_CXX_LANGUAGE_STANDARD = "gnu++14";
				CLANG_CXX_LIBRARY = "libc++";
				CLANG_ENABLE_MODULES = YES;
				CLANG_ENABLE_OBJC_ARC = YES;
				CLANG_ENABLE_OBJC_WEAK = YES;
				CLANG_WARN_BLOCK_CAPTURE_AUTORELEASING = YES;
				CLANG_WARN_BOOL_CONVERSION = YES;
				CLANG_WARN_COMMA = YES;
				CLANG_WARN_CONSTANT_CONVERSION = YES;
				CLANG_WARN_DEPRECATED_OBJC_IMPLEMENTATIONS = YES;
				CLANG_WARN_DIRECT_OBJC_ISA_USAGE = YES_ERROR;
				CLANG_WARN_DOCUMENTATION_COMMENTS = YES;
				CLANG_WARN_EMPTY_BODY = YES;
				CLANG_WARN_ENUM_CONVERSION = YES;
				CLANG_WARN_INFINITE_RECURSION = YES;
				CLANG_WARN_INT_CONVERSION = YES;
				CLANG_WARN_NON_LITERAL_NULL_CONVERSION = YES;
				CLANG_WARN_OBJC_IMPLICIT_RETAIN_SELF = YES;
				CLANG_WARN_OBJC_LITERAL_CONVERSION = YES;
				CLANG_WARN_OBJC_ROOT_CLASS = YES_ERROR;
				CLANG_WARN_RANGE_LOOP_ANALYSIS = YES;
				CLANG_WARN_STRICT_PROTOTYPES = YES;
				CLANG_WARN_SUSPICIOUS_MOVE = YES;
				CLANG_WARN_UNGUARDED_AVAILABILITY = YES_AGGRESSIVE;
				CLANG_WARN_UNREACHABLE_CODE = YES;
				CLANG_WARN__DUPLICATE_METHOD_MATCH = YES;
				COPY_PHASE_STRIP = NO;
				DEBUG_INFORMATION_FORMAT = "dwarf-with-dsym";
				ENABLE_NS_ASSERTIONS = NO;
				ENABLE_STRICT_OBJC_MSGSEND = YES;
				GCC_C_LANGUAGE_STANDARD = gnu11;
				GCC_NO_COMMON_BLOCKS = YES;
				GCC_WARN_64_TO_32_BIT_CONVERSION = YES;
				GCC_WARN_ABOUT_RETURN_TYPE = YES_ERROR;
				GCC_WARN_UNDECLARED_SELECTOR = YES;
				GCC_WARN_UNINITIALIZED_AUTOS = YES_AGGRESSIVE;
				GCC_WARN_UNUSED_FUNCTION = YES;
				GCC_WARN_UNUSED_VARIABLE = YES;
				IPHONEOS_DEPLOYMENT_TARGET = 13.2;
				MTL_ENABLE_DEBUG_INFO = NO;
				MTL_FAST_MATH = YES;
				SDKROOT = iphoneos;
				SWIFT_COMPILATION_MODE = wholemodule;
				SWIFT_OPTIMIZATION_LEVEL = "-O";
				VALIDATE_PRODUCT = YES;
			};
			name = Release;
		};
		6EFC88A224226BE500654CF4 /* Debug */ = {
			isa = XCBuildConfiguration;
			baseConfigurationReference = 9EEFB4D02183F76ACB47A1AF /* Pods-UniversityCrossAnalysis.debug.xcconfig */;
			buildSettings = {
				ASSETCATALOG_COMPILER_APPICON_NAME = AppIcon;
				CODE_SIGN_STYLE = Automatic;
				DEVELOPMENT_TEAM = 8G52W4UACZ;
				INFOPLIST_FILE = UniversityCrossAnalysis/Info.plist;
				LD_RUNPATH_SEARCH_PATHS = (
					"$(inherited)",
					"@executable_path/Frameworks",
				);
				PRODUCT_BUNDLE_IDENTIFIER = com.ameyo.UniversityCrossAnalysis;
				PRODUCT_NAME = "$(TARGET_NAME)";
				SWIFT_VERSION = 5.0;
				TARGETED_DEVICE_FAMILY = 1;
			};
			name = Debug;
		};
		6EFC88A324226BE500654CF4 /* Release */ = {
			isa = XCBuildConfiguration;
			baseConfigurationReference = 14172BDAE9639C7EAA092AC4 /* Pods-UniversityCrossAnalysis.release.xcconfig */;
			buildSettings = {
				ASSETCATALOG_COMPILER_APPICON_NAME = AppIcon;
				CODE_SIGN_STYLE = Automatic;
				DEVELOPMENT_TEAM = 8G52W4UACZ;
				INFOPLIST_FILE = UniversityCrossAnalysis/Info.plist;
				LD_RUNPATH_SEARCH_PATHS = (
					"$(inherited)",
					"@executable_path/Frameworks",
				);
				PRODUCT_BUNDLE_IDENTIFIER = com.ameyo.UniversityCrossAnalysis;
				PRODUCT_NAME = "$(TARGET_NAME)";
				SWIFT_VERSION = 5.0;
				TARGETED_DEVICE_FAMILY = 1;
			};
			name = Release;
		};
		6EFC88A524226BE500654CF4 /* Debug */ = {
			isa = XCBuildConfiguration;
			baseConfigurationReference = AEC42426B5A6E413C90C1251 /* Pods-UniversityCrossAnalysisTests.debug.xcconfig */;
			buildSettings = {
				ALWAYS_EMBED_SWIFT_STANDARD_LIBRARIES = YES;
				BUNDLE_LOADER = "$(TEST_HOST)";
				CODE_SIGN_STYLE = Automatic;
				DEVELOPMENT_TEAM = 8G52W4UACZ;
				INFOPLIST_FILE = UniversityCrossAnalysisTests/Info.plist;
				IPHONEOS_DEPLOYMENT_TARGET = 13.2;
				LD_RUNPATH_SEARCH_PATHS = (
					"$(inherited)",
					"@executable_path/Frameworks",
					"@loader_path/Frameworks",
				);
				PRODUCT_BUNDLE_IDENTIFIER = "tw.idv.tor-f.UniversityCrossAnalysisTests";
				PRODUCT_NAME = "$(TARGET_NAME)";
				SWIFT_VERSION = 5.0;
				TARGETED_DEVICE_FAMILY = "1,2";
				TEST_HOST = "$(BUILT_PRODUCTS_DIR)/UniversityCrossAnalysis.app/UniversityCrossAnalysis";
			};
			name = Debug;
		};
		6EFC88A624226BE500654CF4 /* Release */ = {
			isa = XCBuildConfiguration;
			baseConfigurationReference = 043AA2AC543C2040BD754DEE /* Pods-UniversityCrossAnalysisTests.release.xcconfig */;
			buildSettings = {
				ALWAYS_EMBED_SWIFT_STANDARD_LIBRARIES = YES;
				BUNDLE_LOADER = "$(TEST_HOST)";
				CODE_SIGN_STYLE = Automatic;
				DEVELOPMENT_TEAM = 8G52W4UACZ;
				INFOPLIST_FILE = UniversityCrossAnalysisTests/Info.plist;
				IPHONEOS_DEPLOYMENT_TARGET = 13.2;
				LD_RUNPATH_SEARCH_PATHS = (
					"$(inherited)",
					"@executable_path/Frameworks",
					"@loader_path/Frameworks",
				);
				PRODUCT_BUNDLE_IDENTIFIER = "tw.idv.tor-f.UniversityCrossAnalysisTests";
				PRODUCT_NAME = "$(TARGET_NAME)";
				SWIFT_VERSION = 5.0;
				TARGETED_DEVICE_FAMILY = "1,2";
				TEST_HOST = "$(BUILT_PRODUCTS_DIR)/UniversityCrossAnalysis.app/UniversityCrossAnalysis";
			};
			name = Release;
		};
		6EFC88A824226BE500654CF4 /* Debug */ = {
			isa = XCBuildConfiguration;
			baseConfigurationReference = 0107D3159A31799AD6045901 /* Pods-UniversityCrossAnalysis-UniversityCrossAnalysisUITests.debug.xcconfig */;
			buildSettings = {
				ALWAYS_EMBED_SWIFT_STANDARD_LIBRARIES = YES;
				CODE_SIGN_STYLE = Automatic;
				DEVELOPMENT_TEAM = 8G52W4UACZ;
				INFOPLIST_FILE = UniversityCrossAnalysisUITests/Info.plist;
				LD_RUNPATH_SEARCH_PATHS = (
					"$(inherited)",
					"@executable_path/Frameworks",
					"@loader_path/Frameworks",
				);
				PRODUCT_BUNDLE_IDENTIFIER = "tw.idv.tor-f.UniversityCrossAnalysisUITests";
				PRODUCT_NAME = "$(TARGET_NAME)";
				SWIFT_VERSION = 5.0;
				TARGETED_DEVICE_FAMILY = "1,2";
				TEST_TARGET_NAME = UniversityCrossAnalysis;
			};
			name = Debug;
		};
		6EFC88A924226BE500654CF4 /* Release */ = {
			isa = XCBuildConfiguration;
			baseConfigurationReference = 011F2A59F79DC7DE1849BA64 /* Pods-UniversityCrossAnalysis-UniversityCrossAnalysisUITests.release.xcconfig */;
			buildSettings = {
				ALWAYS_EMBED_SWIFT_STANDARD_LIBRARIES = YES;
				CODE_SIGN_STYLE = Automatic;
				DEVELOPMENT_TEAM = 8G52W4UACZ;
				INFOPLIST_FILE = UniversityCrossAnalysisUITests/Info.plist;
				LD_RUNPATH_SEARCH_PATHS = (
					"$(inherited)",
					"@executable_path/Frameworks",
					"@loader_path/Frameworks",
				);
				PRODUCT_BUNDLE_IDENTIFIER = "tw.idv.tor-f.UniversityCrossAnalysisUITests";
				PRODUCT_NAME = "$(TARGET_NAME)";
				SWIFT_VERSION = 5.0;
				TARGETED_DEVICE_FAMILY = "1,2";
				TEST_TARGET_NAME = UniversityCrossAnalysis;
			};
			name = Release;
		};
/* End XCBuildConfiguration section */

/* Begin XCConfigurationList section */
		6EFC887224226BE500654CF4 /* Build configuration list for PBXProject "UniversityCrossAnalysis" */ = {
			isa = XCConfigurationList;
			buildConfigurations = (
				6EFC889F24226BE500654CF4 /* Debug */,
				6EFC88A024226BE500654CF4 /* Release */,
			);
			defaultConfigurationIsVisible = 0;
			defaultConfigurationName = Release;
		};
		6EFC88A124226BE500654CF4 /* Build configuration list for PBXNativeTarget "UniversityCrossAnalysis" */ = {
			isa = XCConfigurationList;
			buildConfigurations = (
				6EFC88A224226BE500654CF4 /* Debug */,
				6EFC88A324226BE500654CF4 /* Release */,
			);
			defaultConfigurationIsVisible = 0;
			defaultConfigurationName = Release;
		};
		6EFC88A424226BE500654CF4 /* Build configuration list for PBXNativeTarget "UniversityCrossAnalysisTests" */ = {
			isa = XCConfigurationList;
			buildConfigurations = (
				6EFC88A524226BE500654CF4 /* Debug */,
				6EFC88A624226BE500654CF4 /* Release */,
			);
			defaultConfigurationIsVisible = 0;
			defaultConfigurationName = Release;
		};
		6EFC88A724226BE500654CF4 /* Build configuration list for PBXNativeTarget "UniversityCrossAnalysisUITests" */ = {
			isa = XCConfigurationList;
			buildConfigurations = (
				6EFC88A824226BE500654CF4 /* Debug */,
				6EFC88A924226BE500654CF4 /* Release */,
			);
			defaultConfigurationIsVisible = 0;
			defaultConfigurationName = Release;
		};
/* End XCConfigurationList section */
	};
	rootObject = 6EFC886F24226BE500654CF4 /* Project object */;
}
