PODS:
  - Alamofire (5.0.5)
  - Charts (3.4.0):
    - Charts/Core (= 3.4.0)
  - Charts/Core (3.4.0)

DEPENDENCIES:
  - Alamofire (~> 5.0)
  - Charts

SPEC REPOS:
  trunk:
    - Alamofire
    - Charts

SPEC CHECKSUMS:
  Alamofire: df2f8f826963b08b9a870791ad48e07a10090b2e
  Charts: 74c9f256eaf0460c0c416522d1cf8c634ea6b286

PODFILE CHECKSUM: 9ce592407fec620823221d6dd9be081cc46da647

COCOAPODS: 1.8.4
